
Microsoft Visual Studio Solution File, Format Version 12.00
# Visual Studio Version 16
VisualStudioVersion = 16.0.31410.357
MinimumVisualStudioVersion = 10.0.40219.1
Project("{FAE04EC0-301F-11D3-BF4B-00C04F79EFBC}") = "DeckOfCards", "DeckOfCards\DeckOfCards.csproj", "{00575321-1AB6-4B6F-87D9-ABD67A4A243F}"
EndProject
Global
	GlobalSection(SolutionConfigurationPlatforms) = preSolution
		Debug|Any CPU = Debug|Any CPU
		Release|Any CPU = Release|Any CPU
	EndGlobalSection
	GlobalSection(ProjectConfigurationPlatforms) = postSolution
		{00575321-1AB6-4B6F-87D9-ABD67A4A243F}.Debug|Any CPU.ActiveCfg = Debug|Any CPU
		{00575321-1AB6-4B6F-87D9-ABD67A4A243F}.Debug|Any CPU.Build.0 = Debug|Any CPU
		{00575321-1AB6-4B6F-87D9-ABD67A4A243F}.Release|Any CPU.ActiveCfg = Release|Any CPU
		{00575321-1AB6-4B6F-87D9-ABD67A4A243F}.Release|Any CPU.Build.0 = Release|Any CPU
	EndGlobalSection
	GlobalSection(SolutionProperties) = preSolution
		HideSolutionNode = FALSE
	EndGlobalSection
	GlobalSection(ExtensibilityGlobals) = postSolution
		SolutionGuid = {E787AEDD-61CA-445A-A805-B66A822D4DBE}
	EndGlobalSection
EndGlobal
